
Microsoft Visual Studio Solution File, Format Version 12.00
# Visual Studio Version 17
VisualStudioVersion = 17.2.32630.192
MinimumVisualStudioVersion = 10.0.40219.1
Project("{2150E333-8FDC-42A3-9474-1A3956D46DE8}") = "Services", "Services", "{764459C0-6D32-44A9-B489-809479D5E9B1}"
EndProject
Project("{2150E333-8FDC-42A3-9474-1A3956D46DE8}") = "WebApps", "WebApps", "{77BC54C6-F47D-4F60-B1A6-B36A1D67767D}"
EndProject
Project("{2150E333-8FDC-42A3-9474-1A3956D46DE8}") = "Cadastros", "Cadastros", "{E3186241-CBFE-4DD3-9A09-9FB554FCF908}"
EndProject
Project("{2150E333-8FDC-42A3-9474-1A3956D46DE8}") = "Catalogo", "Catalogo", "{9F39019C-EF2C-443B-A985-5F3E6BF8055C}"
EndProject
Project("{2150E333-8FDC-42A3-9474-1A3956D46DE8}") = "Core", "Core", "{DD0AF61D-06EA-4134-AD4E-32E6C3D73FE4}"
EndProject
Project("{2150E333-8FDC-42A3-9474-1A3956D46DE8}") = "Fiscal", "Fiscal", "{F44A967A-8BFD-44EC-B8D1-1C2395F2EFE2}"
EndProject
Project("{2150E333-8FDC-42A3-9474-1A3956D46DE8}") = "Pagamentos", "Pagamentos", "{8D6348C1-20AA-4347-AF7F-0058A211CFB1}"
EndProject
Project("{2150E333-8FDC-42A3-9474-1A3956D46DE8}") = "Vendas", "Vendas", "{DD279248-1CD0-4F32-B53B-5F97724E54A2}"
EndProject
Project("{9A19103F-16F7-4668-BE54-9A1E7A4F7556}") = "NerdStore.Catalogo.Domain", "NerdStore.Catalogo.Domain\NerdStore.Catalogo.Domain.csproj", "{C17B29EC-16C1-4848-99F1-AC934E3FE6B7}"
EndProject
Project("{9A19103F-16F7-4668-BE54-9A1E7A4F7556}") = "NerdStore.Core", "NerdStore.Core\NerdStore.Core.csproj", "{685933EA-9279-4DB1-9EAA-032F8E418645}"
EndProject
Project("{2150E333-8FDC-42A3-9474-1A3956D46DE8}") = "Tests", "Tests", "{E930E242-0C62-40FD-88BA-37F2499FFA0A}"
EndProject
Project("{9A19103F-16F7-4668-BE54-9A1E7A4F7556}") = "NerdStore.Catalogo.Domain.Tests", "tests\NerdStore.Catalogo.Domain.Tests\NerdStore.Catalogo.Domain.Tests.csproj", "{7C49139D-91C4-417A-AF03-6E33FAF83B85}"
EndProject
Project("{9A19103F-16F7-4668-BE54-9A1E7A4F7556}") = "NerdStore.Catalogo.Data", "src\NerdStore.Catalogo.Data\NerdStore.Catalogo.Data.csproj", "{CE0A53AA-8EC8-4AD2-8A88-2BAD96172343}"
EndProject
Project("{FAE04EC0-301F-11D3-BF4B-00C04F79EFBC}") = "NerdStore.Catalogo.Application", "src\NerdStore.Catalogo.Application\NerdStore.Catalogo.Application.csproj", "{0462ABED-14AF-4619-BF8E-DD7CDF7C471A}"
EndProject
Project("{FAE04EC0-301F-11D3-BF4B-00C04F79EFBC}") = "NerdStore.WebApp.MVC", "src\NerdStore.WebApp.MVC\NerdStore.WebApp.MVC\NerdStore.WebApp.MVC.csproj", "{C1417E9C-BB33-4665-AA3F-2FF7EB7A20E6}"
EndProject
Global
	GlobalSection(SolutionConfigurationPlatforms) = preSolution
		Debug|Any CPU = Debug|Any CPU
		Release|Any CPU = Release|Any CPU
	EndGlobalSection
	GlobalSection(ProjectConfigurationPlatforms) = postSolution
		{C17B29EC-16C1-4848-99F1-AC934E3FE6B7}.Debug|Any CPU.ActiveCfg = Debug|Any CPU
		{C17B29EC-16C1-4848-99F1-AC934E3FE6B7}.Debug|Any CPU.Build.0 = Debug|Any CPU
		{C17B29EC-16C1-4848-99F1-AC934E3FE6B7}.Release|Any CPU.ActiveCfg = Release|Any CPU
		{C17B29EC-16C1-4848-99F1-AC934E3FE6B7}.Release|Any CPU.Build.0 = Release|Any CPU
		{685933EA-9279-4DB1-9EAA-032F8E418645}.Debug|Any CPU.ActiveCfg = Debug|Any CPU
		{685933EA-9279-4DB1-9EAA-032F8E418645}.Debug|Any CPU.Build.0 = Debug|Any CPU
		{685933EA-9279-4DB1-9EAA-032F8E418645}.Release|Any CPU.ActiveCfg = Release|Any CPU
		{685933EA-9279-4DB1-9EAA-032F8E418645}.Release|Any CPU.Build.0 = Release|Any CPU
		{7C49139D-91C4-417A-AF03-6E33FAF83B85}.Debug|Any CPU.ActiveCfg = Debug|Any CPU
		{7C49139D-91C4-417A-AF03-6E33FAF83B85}.Debug|Any CPU.Build.0 = Debug|Any CPU
		{7C49139D-91C4-417A-AF03-6E33FAF83B85}.Release|Any CPU.ActiveCfg = Release|Any CPU
		{7C49139D-91C4-417A-AF03-6E33FAF83B85}.Release|Any CPU.Build.0 = Release|Any CPU
		{CE0A53AA-8EC8-4AD2-8A88-2BAD96172343}.Debug|Any CPU.ActiveCfg = Debug|Any CPU
		{CE0A53AA-8EC8-4AD2-8A88-2BAD96172343}.Debug|Any CPU.Build.0 = Debug|Any CPU
		{CE0A53AA-8EC8-4AD2-8A88-2BAD96172343}.Release|Any CPU.ActiveCfg = Release|Any CPU
		{CE0A53AA-8EC8-4AD2-8A88-2BAD96172343}.Release|Any CPU.Build.0 = Release|Any CPU
		{0462ABED-14AF-4619-BF8E-DD7CDF7C471A}.Debug|Any CPU.ActiveCfg = Debug|Any CPU
		{0462ABED-14AF-4619-BF8E-DD7CDF7C471A}.Debug|Any CPU.Build.0 = Debug|Any CPU
		{0462ABED-14AF-4619-BF8E-DD7CDF7C471A}.Release|Any CPU.ActiveCfg = Release|Any CPU
		{0462ABED-14AF-4619-BF8E-DD7CDF7C471A}.Release|Any CPU.Build.0 = Release|Any CPU
		{C1417E9C-BB33-4665-AA3F-2FF7EB7A20E6}.Debug|Any CPU.ActiveCfg = Debug|Any CPU
		{C1417E9C-BB33-4665-AA3F-2FF7EB7A20E6}.Debug|Any CPU.Build.0 = Debug|Any CPU
		{C1417E9C-BB33-4665-AA3F-2FF7EB7A20E6}.Release|Any CPU.ActiveCfg = Release|Any CPU
		{C1417E9C-BB33-4665-AA3F-2FF7EB7A20E6}.Release|Any CPU.Build.0 = Release|Any CPU
	EndGlobalSection
	GlobalSection(SolutionProperties) = preSolution
		HideSolutionNode = FALSE
	EndGlobalSection
	GlobalSection(NestedProjects) = preSolution
		{E3186241-CBFE-4DD3-9A09-9FB554FCF908} = {764459C0-6D32-44A9-B489-809479D5E9B1}
		{9F39019C-EF2C-443B-A985-5F3E6BF8055C} = {764459C0-6D32-44A9-B489-809479D5E9B1}
		{DD0AF61D-06EA-4134-AD4E-32E6C3D73FE4} = {764459C0-6D32-44A9-B489-809479D5E9B1}
		{F44A967A-8BFD-44EC-B8D1-1C2395F2EFE2} = {764459C0-6D32-44A9-B489-809479D5E9B1}
		{8D6348C1-20AA-4347-AF7F-0058A211CFB1} = {764459C0-6D32-44A9-B489-809479D5E9B1}
		{DD279248-1CD0-4F32-B53B-5F97724E54A2} = {764459C0-6D32-44A9-B489-809479D5E9B1}
		{C17B29EC-16C1-4848-99F1-AC934E3FE6B7} = {9F39019C-EF2C-443B-A985-5F3E6BF8055C}
		{685933EA-9279-4DB1-9EAA-032F8E418645} = {DD0AF61D-06EA-4134-AD4E-32E6C3D73FE4}
		{E930E242-0C62-40FD-88BA-37F2499FFA0A} = {9F39019C-EF2C-443B-A985-5F3E6BF8055C}
		{7C49139D-91C4-417A-AF03-6E33FAF83B85} = {E930E242-0C62-40FD-88BA-37F2499FFA0A}
		{CE0A53AA-8EC8-4AD2-8A88-2BAD96172343} = {9F39019C-EF2C-443B-A985-5F3E6BF8055C}
		{0462ABED-14AF-4619-BF8E-DD7CDF7C471A} = {9F39019C-EF2C-443B-A985-5F3E6BF8055C}
		{C1417E9C-BB33-4665-AA3F-2FF7EB7A20E6} = {77BC54C6-F47D-4F60-B1A6-B36A1D67767D}
	EndGlobalSection
	GlobalSection(ExtensibilityGlobals) = postSolution
		SolutionGuid = {E943E3FA-84B4-4D11-B5FC-EA7B3576F656}
	EndGlobalSection
EndGlobal
